{
  "name": "@dynein/sharedports",
  "version": "0.1.0",
  "lockfileVersion": 2,
  "requires": true,
  "packages": {
    "": {
      "version": "0.1.0",
      "license": "ISC",
      "dependencies": {
        "dynein-state": "file:../dynein-state"
      }
    },
    "../../Dynein": {
      "extraneous": true
    },
    "../dynein-state": {
      "version": "0.1.0",
      "license": "MIT"
    },
    "node_modules/dynein-state": {
      "resolved": "../dynein-state",
      "link": true
    }
  },
  "dependencies": {
    "dynein-state": {
      "version": "file:../dynein-state"
    }
  }
}
