{
  "name": "@dynein/sharedsignals",
  "version": "0.1.0",
  "lockfileVersion": 2,
  "requires": true,
  "packages": {
    "": {
      "name": "@dynein/sharedsignals",
      "version": "0.1.0",
      "license": "ISC",
      "dependencies": {
        "@types/double-ended-queue": "^2.1.1",
        "double-ended-queue": "^2.1.0-0",
        "dynein-state": "file:../dynein-state"
      }
    },
    "../../Dynein": {
      "extraneous": true
    },
    "../dynein-state": {
      "name": "@dynein/state",
      "version": "0.1.0"
    },
    "node_modules/@types/double-ended-queue": {
      "version": "2.1.1",
      "resolved": "https://registry.npmjs.org/@types/double-ended-queue/-/double-ended-queue-2.1.1.tgz",
      "integrity": "sha512-O2+umEIlHBVyi+ePmucPjpINqTvSnsz+hAok0D4IpvrOsIsDr6c34B0AbNXW2UDVYuxbv51z5dxnrRt23ohgWg=="
    },
    "node_modules/double-ended-queue": {
      "version": "2.1.0-0",
      "resolved": "https://registry.npmjs.org/double-ended-queue/-/double-ended-queue-2.1.0-0.tgz",
      "integrity": "sha1-ED01J/0xUo9AGIEwyEHv3XgmTlw="
    },
    "node_modules/dynein-state": {
      "resolved": "../dynein-state",
      "link": true
    }
  },
  "dependencies": {
    "@types/double-ended-queue": {
      "version": "2.1.1",
      "resolved": "https://registry.npmjs.org/@types/double-ended-queue/-/double-ended-queue-2.1.1.tgz",
      "integrity": "sha512-O2+umEIlHBVyi+ePmucPjpINqTvSnsz+hAok0D4IpvrOsIsDr6c34B0AbNXW2UDVYuxbv51z5dxnrRt23ohgWg=="
    },
    "double-ended-queue": {
      "version": "2.1.0-0",
      "resolved": "https://registry.npmjs.org/double-ended-queue/-/double-ended-queue-2.1.0-0.tgz",
      "integrity": "sha1-ED01J/0xUo9AGIEwyEHv3XgmTlw="
    },
    "dynein-state": {
      "version": "file:../dynein-state"
    }
  }
}
